<Solution>
  <Project Path="RecruitmentPlatform.Api/RecruitmentPlatform.Api.csproj" />
  <Project Path="RecruitmentPlatform.Application/RecruitmentPlatform.Application.csproj" />
  <Project Path="RecruitmentPlatform.Domain/RecruitmentPlatform.Domain.csproj" />
  <Project Path="RecruitmentPlatform.Infrastructure/RecruitmentPlatform.Infrastructure.csproj" />
  <Project Path="RecruitmentPlatform.Tests/RecruitmentPlatform.Tests.csproj" />
</Solution>
